
Microsoft Visual Studio Solution File, Format Version 12.00
# Visual Studio Version 16
VisualStudioVersion = 16.0.28803.352
MinimumVisualStudioVersion = 10.0.40219.1
Project("{9A19103F-16F7-4668-BE54-9A1E7A4F7556}") = "PlantATree", "PlantATree\PlantATree.csproj", "{6C63DE10-9FDF-4AEF-A8E9-6F5A1446EC8D}"
EndProject
Global
	GlobalSection(SolutionConfigurationPlatforms) = preSolution
		Debug|Any CPU = Debug|Any CPU
		Release|Any CPU = Release|Any CPU
	EndGlobalSection
	GlobalSection(ProjectConfigurationPlatforms) = postSolution
		{6C63DE10-9FDF-4AEF-A8E9-6F5A1446EC8D}.Debug|Any CPU.ActiveCfg = Debug|Any CPU
		{6C63DE10-9FDF-4AEF-A8E9-6F5A1446EC8D}.Debug|Any CPU.Build.0 = Debug|Any CPU
		{6C63DE10-9FDF-4AEF-A8E9-6F5A1446EC8D}.Release|Any CPU.ActiveCfg = Release|Any CPU
		{6C63DE10-9FDF-4AEF-A8E9-6F5A1446EC8D}.Release|Any CPU.Build.0 = Release|Any CPU
	EndGlobalSection
	GlobalSection(SolutionProperties) = preSolution
		HideSolutionNode = FALSE
	EndGlobalSection
	GlobalSection(ExtensibilityGlobals) = postSolution
		SolutionGuid = {072FF63C-F445-445B-B05D-FB8717759848}
	EndGlobalSection
EndGlobal
